{
  "version": 4,
  "terraform_version": "1.1.5",
  "serial": 150,
  "lineage": "ca49cf08-aeda-ac08-7907-5b0bba822786",
  "outputs": {},
  "resources": [
    {
      "module": "module.cloudtrail_enable",
      "mode": "data",
      "type": "aws_caller_identity",
      "name": "current",
      "provider": "provider[\"registry.terraform.io/hashicorp/aws\"]",
      "instances": [
        {
          "schema_version": 0,
          "attributes": {
            "account_id": "901474075276",
            "arn": "arn:aws:sts::901474075276:assumed-role/Admin/diffiede-Isengard",
            "id": "901474075276",
            "user_id": "AROA5DZAKYKGLNYYBJ7AZ:diffiede-Isengard"
          },
          "sensitive_attributes": []
        }
      ]
    },
    {
      "module": "module.cloudtrail_enable",
      "mode": "data",
      "type": "aws_region",
      "name": "current",
      "provider": "provider[\"registry.terraform.io/hashicorp/aws\"]",
      "instances": [
        {
          "schema_version": 0,
          "attributes": {
            "description": "US West (Oregon)",
            "endpoint": "ec2.us-west-2.amazonaws.com",
            "id": "us-west-2",
            "name": "us-west-2"
          },
          "sensitive_attributes": []
        }
      ]
    },
    {
      "module": "module.cloudtrail_enable",
      "mode": "data",
      "type": "aws_s3_bucket",
      "name": "selected",
      "provider": "provider[\"registry.terraform.io/hashicorp/aws\"]",
      "instances": [
        {
          "schema_version": 0,
          "attributes": {
            "arn": "arn:aws:s3:::auction-config-log-test-test-12345",
            "bucket": "auction-config-log-test-test-12345",
            "bucket_domain_name": "auction-config-log-test-test-12345.s3.amazonaws.com",
            "bucket_regional_domain_name": "auction-config-log-test-test-12345.s3.us-west-2.amazonaws.com",
            "hosted_zone_id": "Z3BJ6K6RIION7M",
            "id": "auction-config-log-test-test-12345",
            "region": "us-west-2",
            "website_domain": null,
            "website_endpoint": null
          },
          "sensitive_attributes": []
        }
      ]
    },
    {
      "module": "module.cloudtrail_enable",
      "mode": "managed",
      "type": "aws_config_config_rule",
      "name": "config_rule",
      "provider": "provider[\"registry.terraform.io/hashicorp/aws\"]",
      "instances": [
        {
          "index_key": 0,
          "schema_version": 0,
          "attributes": {
            "arn": "arn:aws:config:us-west-2:901474075276:config-rule/config-rule-f0wht5",
            "description": "Checks the resources against the active rule.",
            "id": "cloudtrail_enable",
            "input_parameters": "",
            "maximum_execution_frequency": "",
            "name": "cloudtrail_enable",
            "rule_id": "config-rule-f0wht5",
            "scope": [],
            "source": [
              {
                "custom_policy_details": [],
                "owner": "AWS",
                "source_detail": [],
                "source_identifier": "CLOUD_TRAIL_ENABLED"
              }
            ],
            "tags": {},
            "tags_all": {}
          },
          "sensitive_attributes": [],
          "private": "bnVsbA==",
          "dependencies": [
            "module.cloudtrail_enable.aws_config_configuration_recorder.recorder"
          ]
        }
      ]
    },
    {
      "module": "module.cloudtrail_enable",
      "mode": "managed",
      "type": "aws_config_configuration_recorder",
      "name": "recorder",
      "provider": "provider[\"registry.terraform.io/hashicorp/aws\"]",
      "instances": [
        {
          "schema_version": 0,
          "attributes": {
            "id": "config_recorder",
            "name": "config_recorder",
            "recording_group": [
              {
                "all_supported": true,
                "include_global_resource_types": false,
                "resource_types": []
              }
            ],
            "role_arn": "arn:aws:iam::aws:auction_config_role"
          },
          "sensitive_attributes": [],
          "private": "bnVsbA=="
        }
      ]
    },
    {
      "module": "module.cloudtrail_enable",
      "mode": "managed",
      "type": "aws_config_configuration_recorder_status",
      "name": "recorder",
      "provider": "provider[\"registry.terraform.io/hashicorp/aws\"]",
      "instances": [
        {
          "index_key": 0,
          "schema_version": 0,
          "attributes": {
            "id": "config_recorder",
            "is_enabled": true,
            "name": "config_recorder"
          },
          "sensitive_attributes": [],
          "private": "bnVsbA==",
          "dependencies": [
            "module.cloudtrail_enable.aws_config_configuration_recorder.recorder",
            "module.cloudtrail_enable.aws_config_delivery_channel.delivery"
          ]
        }
      ]
    },
    {
      "module": "module.cloudtrail_enable",
      "mode": "managed",
      "type": "aws_config_delivery_channel",
      "name": "delivery",
      "provider": "provider[\"registry.terraform.io/hashicorp/aws\"]",
      "instances": [
        {
          "index_key": 0,
          "schema_version": 0,
          "attributes": {
            "id": "cloudtrail_enable",
            "name": "cloudtrail_enable",
            "s3_bucket_name": "auction-config-log-test-test-12345",
            "s3_key_prefix": "",
            "s3_kms_key_arn": "",
            "snapshot_delivery_properties": [
              {
                "delivery_frequency": "Six_Hours"
              }
            ],
            "sns_topic_arn": ""
          },
          "sensitive_attributes": [],
          "private": "bnVsbA==",
          "dependencies": [
            "module.cloudtrail_enable.aws_config_configuration_recorder.recorder"
          ]
        }
      ]
    },
    {
      "module": "module.cloudtrail_encryption",
      "mode": "data",
      "type": "aws_caller_identity",
      "name": "current",
      "provider": "provider[\"registry.terraform.io/hashicorp/aws\"]",
      "instances": [
        {
          "schema_version": 0,
          "attributes": {
            "account_id": "901474075276",
            "arn": "arn:aws:sts::901474075276:assumed-role/Admin/diffiede-Isengard",
            "id": "901474075276",
            "user_id": "AROA5DZAKYKGLNYYBJ7AZ:diffiede-Isengard"
          },
          "sensitive_attributes": []
        }
      ]
    },
    {
      "module": "module.cloudtrail_encryption",
      "mode": "data",
      "type": "aws_region",
      "name": "current",
      "provider": "provider[\"registry.terraform.io/hashicorp/aws\"]",
      "instances": [
        {
          "schema_version": 0,
          "attributes": {
            "description": "US West (Oregon)",
            "endpoint": "ec2.us-west-2.amazonaws.com",
            "id": "us-west-2",
            "name": "us-west-2"
          },
          "sensitive_attributes": []
        }
      ]
    },
    {
      "module": "module.cloudtrail_encryption",
      "mode": "data",
      "type": "aws_s3_bucket",
      "name": "selected",
      "provider": "provider[\"registry.terraform.io/hashicorp/aws\"]",
      "instances": [
        {
          "schema_version": 0,
          "attributes": {
            "arn": "arn:aws:s3:::auction-config-log-test-test-12345",
            "bucket": "auction-config-log-test-test-12345",
            "bucket_domain_name": "auction-config-log-test-test-12345.s3.amazonaws.com",
            "bucket_regional_domain_name": "auction-config-log-test-test-12345.s3.us-west-2.amazonaws.com",
            "hosted_zone_id": "Z3BJ6K6RIION7M",
            "id": "auction-config-log-test-test-12345",
            "region": "us-west-2",
            "website_domain": null,
            "website_endpoint": null
          },
          "sensitive_attributes": []
        }
      ]
    },
    {
      "module": "module.cloudtrail_encryption",
      "mode": "managed",
      "type": "aws_config_config_rule",
      "name": "config_rule",
      "provider": "provider[\"registry.terraform.io/hashicorp/aws\"]",
      "instances": []
    },
    {
      "module": "module.cloudtrail_encryption",
      "mode": "managed",
      "type": "aws_config_configuration_recorder_status",
      "name": "recorder",
      "provider": "provider[\"registry.terraform.io/hashicorp/aws\"]",
      "instances": []
    },
    {
      "module": "module.cloudtrail_encryption",
      "mode": "managed",
      "type": "aws_config_delivery_channel",
      "name": "delivery",
      "provider": "provider[\"registry.terraform.io/hashicorp/aws\"]",
      "instances": []
    },
    {
      "module": "module.cloudtrail_encryption",
      "mode": "managed",
      "type": "aws_iam_role_policy",
      "name": "config_rule",
      "provider": "provider[\"registry.terraform.io/hashicorp/aws\"]",
      "instances": []
    }
  ]
}
